{
  "object": {
    "pins": [
      {
        "package": "iGeometry",
        "repositoryURL": "https://github.com/iShape-Swift/iGeometry",
        "state": {
          "branch": null,
          "revision": "8f9eee1fc10997713a8d71c8eedc57df197b4ddf",
          "version": "1.8.0"
        }
      }
    ]
  },
  "version": 1
}
