{
  "object": {
    "pins": [
      {
        "package": "iGeometry",
        "repositoryURL": "https://github.com/iShape-Swift/iGeometry",
        "state": {
          "branch": null,
          "revision": "4c9858aafeece5f0059e75f4759de2a570b7024d",
          "version": "1.11.1"
        }
      }
    ]
  },
  "version": 1
}
