// !$*UTF8*$!
{
	archiveVersion = 1;
	classes = {
	};
	objectVersion = 51;
	objects = {

/* Begin PBXBuildFile section */
		540C2360234481C100A1D178 /* ComplexPlainTests.swift in Sources */ = {isa = PBXBuildFile; fileRef = 540C235F234481C100A1D178 /* ComplexPlainTests.swift */; };
		540C2362234484C900A1D178 /* ComplexDelaunayTests.swift in Sources */ = {isa = PBXBuildFile; fileRef = 540C2361234484C900A1D178 /* ComplexDelaunayTests.swift */; };
		540D283D234470D8001FD387 /* TriangulatorTests.swift in Sources */ = {isa = PBXBuildFile; fileRef = 540D283A234470D8001FD387 /* TriangulatorTests.swift */; };
		540D283E234470D8001FD387 /* iGeometryTests.swift in Sources */ = {isa = PBXBuildFile; fileRef = 540D283B234470D8001FD387 /* iGeometryTests.swift */; };
		540D28412344782B001FD387 /* MonotonePlainTests.swift in Sources */ = {isa = PBXBuildFile; fileRef = 540D28402344782B001FD387 /* MonotonePlainTests.swift */; };
		540D2843234478E8001FD387 /* MonotoneDelaunayTests.swift in Sources */ = {isa = PBXBuildFile; fileRef = 540D2842234478E8001FD387 /* MonotoneDelaunayTests.swift */; };
		540D284523447985001FD387 /* Triangles+Array.swift in Sources */ = {isa = PBXBuildFile; fileRef = 540D284423447985001FD387 /* Triangles+Array.swift */; };
		548AE11E233CE7EF00494FE4 /* Assets.xcassets in Resources */ = {isa = PBXBuildFile; fileRef = 548AE11D233CE7EF00494FE4 /* Assets.xcassets */; };
		548AE121233CE7EF00494FE4 /* Main.storyboard in Resources */ = {isa = PBXBuildFile; fileRef = 548AE11F233CE7EF00494FE4 /* Main.storyboard */; };
		548AE14A233CFC8000494FE4 /* ViewController.swift in Sources */ = {isa = PBXBuildFile; fileRef = 548AE12A233CFC8000494FE4 /* ViewController.swift */; };
		548AE14B233CFC8000494FE4 /* AppDelegate.swift in Sources */ = {isa = PBXBuildFile; fileRef = 548AE12B233CFC8000494FE4 /* AppDelegate.swift */; };
		548AE14C233CFC8000494FE4 /* Colors.swift in Sources */ = {isa = PBXBuildFile; fileRef = 548AE12C233CFC8000494FE4 /* Colors.swift */; };
		548AE14D233CFC8000494FE4 /* ActiveIndex.swift in Sources */ = {isa = PBXBuildFile; fileRef = 548AE12E233CFC8000494FE4 /* ActiveIndex.swift */; };
		548AE14E233CFC8000494FE4 /* MouseCompatible.swift in Sources */ = {isa = PBXBuildFile; fileRef = 548AE12F233CFC8000494FE4 /* MouseCompatible.swift */; };
		548AE14F233CFC8000494FE4 /* SceneNavigation.swift in Sources */ = {isa = PBXBuildFile; fileRef = 548AE130233CFC8000494FE4 /* SceneNavigation.swift */; };
		548AE151233CFC8000494FE4 /* MotonePlainScene.swift in Sources */ = {isa = PBXBuildFile; fileRef = 548AE134233CFC8000494FE4 /* MotonePlainScene.swift */; };
		548AE152233CFC8000494FE4 /* ComplexPlainScene.swift in Sources */ = {isa = PBXBuildFile; fileRef = 548AE135233CFC8000494FE4 /* ComplexPlainScene.swift */; };
		548AE153233CFC8000494FE4 /* ComplexDelaunayScene.swift in Sources */ = {isa = PBXBuildFile; fileRef = 548AE137233CFC8000494FE4 /* ComplexDelaunayScene.swift */; };
		548AE154233CFC8000494FE4 /* MotoneDelaunayScene.swift in Sources */ = {isa = PBXBuildFile; fileRef = 548AE138233CFC8000494FE4 /* MotoneDelaunayScene.swift */; };
		548AE155233CFC8000494FE4 /* DelaunayAssessmentScene.swift in Sources */ = {isa = PBXBuildFile; fileRef = 548AE139233CFC8000494FE4 /* DelaunayAssessmentScene.swift */; };
		548AE156233CFC8000494FE4 /* CanvasView.swift in Sources */ = {isa = PBXBuildFile; fileRef = 548AE13B233CFC8000494FE4 /* CanvasView.swift */; };
		548AE157233CFC8000494FE4 /* ShapeVector.swift in Sources */ = {isa = PBXBuildFile; fileRef = 548AE13D233CFC8000494FE4 /* ShapeVector.swift */; };
		548AE158233CFC8000494FE4 /* ShapeTriangle.swift in Sources */ = {isa = PBXBuildFile; fileRef = 548AE13E233CFC8000494FE4 /* ShapeTriangle.swift */; };
		548AE159233CFC8000494FE4 /* ShapeCircle.swift in Sources */ = {isa = PBXBuildFile; fileRef = 548AE13F233CFC8000494FE4 /* ShapeCircle.swift */; };
		548AE15A233CFC8000494FE4 /* ShapeVertexPolygon.swift in Sources */ = {isa = PBXBuildFile; fileRef = 548AE141233CFC8000494FE4 /* ShapeVertexPolygon.swift */; };
		548AE15B233CFC8000494FE4 /* ShapeVectorPolygon.swift in Sources */ = {isa = PBXBuildFile; fileRef = 548AE142233CFC8000494FE4 /* ShapeVectorPolygon.swift */; };
		548AE15C233CFC8000494FE4 /* ShapeDot.swift in Sources */ = {isa = PBXBuildFile; fileRef = 548AE143233CFC8000494FE4 /* ShapeDot.swift */; };
		548AE15D233CFC8000494FE4 /* ShapeLine.swift in Sources */ = {isa = PBXBuildFile; fileRef = 548AE144233CFC8000494FE4 /* ShapeLine.swift */; };
		548AE15E233CFC8000494FE4 /* ShapeArea.swift in Sources */ = {isa = PBXBuildFile; fileRef = 548AE145233CFC8000494FE4 /* ShapeArea.swift */; };
		548AE15F233CFC8000494FE4 /* ShapeText.swift in Sources */ = {isa = PBXBuildFile; fileRef = 548AE146233CFC8000494FE4 /* ShapeText.swift */; };
		548AE160233CFC8000494FE4 /* ShapeNode.swift in Sources */ = {isa = PBXBuildFile; fileRef = 548AE147233CFC8000494FE4 /* ShapeNode.swift */; };
		548AE161233CFC8000494FE4 /* ShapeCoordinatSystem.swift in Sources */ = {isa = PBXBuildFile; fileRef = 548AE148233CFC8000494FE4 /* ShapeCoordinatSystem.swift */; };
		548AE162233CFC8000494FE4 /* CoordinateSystemScene.swift in Sources */ = {isa = PBXBuildFile; fileRef = 548AE149233CFC8000494FE4 /* CoordinateSystemScene.swift */; };
		548AE169233D004600494FE4 /* CGPoint.swift in Sources */ = {isa = PBXBuildFile; fileRef = 548AE168233D004600494FE4 /* CGPoint.swift */; };
		54D643932345381B007BD72A /* ShapeLinePolygon.swift in Sources */ = {isa = PBXBuildFile; fileRef = 54D643922345381B007BD72A /* ShapeLinePolygon.swift */; };
		837530B3B33C2F605E304055 /* Pods_iShapeTests.framework in Frameworks */ = {isa = PBXBuildFile; fileRef = AD5038F8CCF97A64A9FD46E3 /* Pods_iShapeTests.framework */; };
		8C160ACF86CAE90D191D727E /* Pods_iShapeUI.framework in Frameworks */ = {isa = PBXBuildFile; fileRef = DDBDAFFA687FD222AEC8744A /* Pods_iShapeUI.framework */; };
/* End PBXBuildFile section */

/* Begin PBXContainerItemProxy section */
		540D283323447085001FD387 /* PBXContainerItemProxy */ = {
			isa = PBXContainerItemProxy;
			containerPortal = 548AE10E233CE7EE00494FE4 /* Project object */;
			proxyType = 1;
			remoteGlobalIDString = 548AE115233CE7EE00494FE4;
			remoteInfo = iShapeUI;
		};
/* End PBXContainerItemProxy section */

/* Begin PBXFileReference section */
		1417966A5120D21E5219B281 /* Pods-iShapeTests.debug.xcconfig */ = {isa = PBXFileReference; includeInIndex = 1; lastKnownFileType = text.xcconfig; name = "Pods-iShapeTests.debug.xcconfig"; path = "Target Support Files/Pods-iShapeTests/Pods-iShapeTests.debug.xcconfig"; sourceTree = "<group>"; };
		42CB61B1B321248266C9C523 /* Pods-iShapeUI.debug.xcconfig */ = {isa = PBXFileReference; includeInIndex = 1; lastKnownFileType = text.xcconfig; name = "Pods-iShapeUI.debug.xcconfig"; path = "Target Support Files/Pods-iShapeUI/Pods-iShapeUI.debug.xcconfig"; sourceTree = "<group>"; };
		4BF2F6C6DEA27AE0C38944D8 /* Pods-iShapeUITests.release.xcconfig */ = {isa = PBXFileReference; includeInIndex = 1; lastKnownFileType = text.xcconfig; name = "Pods-iShapeUITests.release.xcconfig"; path = "Target Support Files/Pods-iShapeUITests/Pods-iShapeUITests.release.xcconfig"; sourceTree = "<group>"; };
		540C235F234481C100A1D178 /* ComplexPlainTests.swift */ = {isa = PBXFileReference; lastKnownFileType = sourcecode.swift; path = ComplexPlainTests.swift; sourceTree = "<group>"; };
		540C2361234484C900A1D178 /* ComplexDelaunayTests.swift */ = {isa = PBXFileReference; lastKnownFileType = sourcecode.swift; path = ComplexDelaunayTests.swift; sourceTree = "<group>"; };
		540D282E23447085001FD387 /* iShapeTests.xctest */ = {isa = PBXFileReference; explicitFileType = wrapper.cfbundle; includeInIndex = 0; path = iShapeTests.xctest; sourceTree = BUILT_PRODUCTS_DIR; };
		540D283223447085001FD387 /* Info.plist */ = {isa = PBXFileReference; lastKnownFileType = text.plist.xml; path = Info.plist; sourceTree = "<group>"; };
		540D283A234470D8001FD387 /* TriangulatorTests.swift */ = {isa = PBXFileReference; fileEncoding = 4; lastKnownFileType = sourcecode.swift; path = TriangulatorTests.swift; sourceTree = "<group>"; };
		540D283B234470D8001FD387 /* iGeometryTests.swift */ = {isa = PBXFileReference; fileEncoding = 4; lastKnownFileType = sourcecode.swift; path = iGeometryTests.swift; sourceTree = "<group>"; };
		540D28402344782B001FD387 /* MonotonePlainTests.swift */ = {isa = PBXFileReference; fileEncoding = 4; lastKnownFileType = sourcecode.swift; path = MonotonePlainTests.swift; sourceTree = "<group>"; };
		540D2842234478E8001FD387 /* MonotoneDelaunayTests.swift */ = {isa = PBXFileReference; lastKnownFileType = sourcecode.swift; path = MonotoneDelaunayTests.swift; sourceTree = "<group>"; };
		540D284423447985001FD387 /* Triangles+Array.swift */ = {isa = PBXFileReference; lastKnownFileType = sourcecode.swift; path = "Triangles+Array.swift"; sourceTree = "<group>"; };
		548AE116233CE7EE00494FE4 /* iShapeUI.app */ = {isa = PBXFileReference; explicitFileType = wrapper.application; includeInIndex = 0; path = iShapeUI.app; sourceTree = BUILT_PRODUCTS_DIR; };
		548AE11D233CE7EF00494FE4 /* Assets.xcassets */ = {isa = PBXFileReference; lastKnownFileType = folder.assetcatalog; path = Assets.xcassets; sourceTree = "<group>"; };
		548AE120233CE7EF00494FE4 /* Base */ = {isa = PBXFileReference; lastKnownFileType = file.storyboard; name = Base; path = Base.lproj/Main.storyboard; sourceTree = "<group>"; };
		548AE122233CE7EF00494FE4 /* Info.plist */ = {isa = PBXFileReference; lastKnownFileType = text.plist.xml; path = Info.plist; sourceTree = "<group>"; };
		548AE123233CE7EF00494FE4 /* iShapeUI.entitlements */ = {isa = PBXFileReference; lastKnownFileType = text.plist.entitlements; path = iShapeUI.entitlements; sourceTree = "<group>"; };
		548AE12A233CFC8000494FE4 /* ViewController.swift */ = {isa = PBXFileReference; fileEncoding = 4; lastKnownFileType = sourcecode.swift; path = ViewController.swift; sourceTree = "<group>"; };
		548AE12B233CFC8000494FE4 /* AppDelegate.swift */ = {isa = PBXFileReference; fileEncoding = 4; lastKnownFileType = sourcecode.swift; path = AppDelegate.swift; sourceTree = "<group>"; };
		548AE12C233CFC8000494FE4 /* Colors.swift */ = {isa = PBXFileReference; fileEncoding = 4; lastKnownFileType = sourcecode.swift; path = Colors.swift; sourceTree = "<group>"; };
		548AE12E233CFC8000494FE4 /* ActiveIndex.swift */ = {isa = PBXFileReference; fileEncoding = 4; lastKnownFileType = sourcecode.swift; path = ActiveIndex.swift; sourceTree = "<group>"; };
		548AE12F233CFC8000494FE4 /* MouseCompatible.swift */ = {isa = PBXFileReference; fileEncoding = 4; lastKnownFileType = sourcecode.swift; path = MouseCompatible.swift; sourceTree = "<group>"; };
		548AE130233CFC8000494FE4 /* SceneNavigation.swift */ = {isa = PBXFileReference; fileEncoding = 4; lastKnownFileType = sourcecode.swift; path = SceneNavigation.swift; sourceTree = "<group>"; };
		548AE134233CFC8000494FE4 /* MotonePlainScene.swift */ = {isa = PBXFileReference; fileEncoding = 4; lastKnownFileType = sourcecode.swift; path = MotonePlainScene.swift; sourceTree = "<group>"; };
		548AE135233CFC8000494FE4 /* ComplexPlainScene.swift */ = {isa = PBXFileReference; fileEncoding = 4; lastKnownFileType = sourcecode.swift; path = ComplexPlainScene.swift; sourceTree = "<group>"; };
		548AE137233CFC8000494FE4 /* ComplexDelaunayScene.swift */ = {isa = PBXFileReference; fileEncoding = 4; lastKnownFileType = sourcecode.swift; path = ComplexDelaunayScene.swift; sourceTree = "<group>"; };
		548AE138233CFC8000494FE4 /* MotoneDelaunayScene.swift */ = {isa = PBXFileReference; fileEncoding = 4; lastKnownFileType = sourcecode.swift; path = MotoneDelaunayScene.swift; sourceTree = "<group>"; };
		548AE139233CFC8000494FE4 /* DelaunayAssessmentScene.swift */ = {isa = PBXFileReference; fileEncoding = 4; lastKnownFileType = sourcecode.swift; path = DelaunayAssessmentScene.swift; sourceTree = "<group>"; };
		548AE13B233CFC8000494FE4 /* CanvasView.swift */ = {isa = PBXFileReference; fileEncoding = 4; lastKnownFileType = sourcecode.swift; path = CanvasView.swift; sourceTree = "<group>"; };
		548AE13D233CFC8000494FE4 /* ShapeVector.swift */ = {isa = PBXFileReference; fileEncoding = 4; lastKnownFileType = sourcecode.swift; path = ShapeVector.swift; sourceTree = "<group>"; };
		548AE13E233CFC8000494FE4 /* ShapeTriangle.swift */ = {isa = PBXFileReference; fileEncoding = 4; lastKnownFileType = sourcecode.swift; path = ShapeTriangle.swift; sourceTree = "<group>"; };
		548AE13F233CFC8000494FE4 /* ShapeCircle.swift */ = {isa = PBXFileReference; fileEncoding = 4; lastKnownFileType = sourcecode.swift; path = ShapeCircle.swift; sourceTree = "<group>"; };
		548AE141233CFC8000494FE4 /* ShapeVertexPolygon.swift */ = {isa = PBXFileReference; fileEncoding = 4; lastKnownFileType = sourcecode.swift; path = ShapeVertexPolygon.swift; sourceTree = "<group>"; };
		548AE142233CFC8000494FE4 /* ShapeVectorPolygon.swift */ = {isa = PBXFileReference; fileEncoding = 4; lastKnownFileType = sourcecode.swift; path = ShapeVectorPolygon.swift; sourceTree = "<group>"; };
		548AE143233CFC8000494FE4 /* ShapeDot.swift */ = {isa = PBXFileReference; fileEncoding = 4; lastKnownFileType = sourcecode.swift; path = ShapeDot.swift; sourceTree = "<group>"; };
		548AE144233CFC8000494FE4 /* ShapeLine.swift */ = {isa = PBXFileReference; fileEncoding = 4; lastKnownFileType = sourcecode.swift; path = ShapeLine.swift; sourceTree = "<group>"; };
		548AE145233CFC8000494FE4 /* ShapeArea.swift */ = {isa = PBXFileReference; fileEncoding = 4; lastKnownFileType = sourcecode.swift; path = ShapeArea.swift; sourceTree = "<group>"; };
		548AE146233CFC8000494FE4 /* ShapeText.swift */ = {isa = PBXFileReference; fileEncoding = 4; lastKnownFileType = sourcecode.swift; path = ShapeText.swift; sourceTree = "<group>"; };
		548AE147233CFC8000494FE4 /* ShapeNode.swift */ = {isa = PBXFileReference; fileEncoding = 4; lastKnownFileType = sourcecode.swift; path = ShapeNode.swift; sourceTree = "<group>"; };
		548AE148233CFC8000494FE4 /* ShapeCoordinatSystem.swift */ = {isa = PBXFileReference; fileEncoding = 4; lastKnownFileType = sourcecode.swift; path = ShapeCoordinatSystem.swift; sourceTree = "<group>"; };
		548AE149233CFC8000494FE4 /* CoordinateSystemScene.swift */ = {isa = PBXFileReference; fileEncoding = 4; lastKnownFileType = sourcecode.swift; path = CoordinateSystemScene.swift; sourceTree = "<group>"; };
		548AE168233D004600494FE4 /* CGPoint.swift */ = {isa = PBXFileReference; fileEncoding = 4; lastKnownFileType = sourcecode.swift; path = CGPoint.swift; sourceTree = "<group>"; };
		54D643922345381B007BD72A /* ShapeLinePolygon.swift */ = {isa = PBXFileReference; lastKnownFileType = sourcecode.swift; path = ShapeLinePolygon.swift; sourceTree = "<group>"; };
		5AAA98F73E6E8C0A4B190F9F /* Pods_iShapeUITests.framework */ = {isa = PBXFileReference; explicitFileType = wrapper.framework; includeInIndex = 0; path = Pods_iShapeUITests.framework; sourceTree = BUILT_PRODUCTS_DIR; };
		8197A97D83146A1569C76122 /* Pods-iShapeTests.release.xcconfig */ = {isa = PBXFileReference; includeInIndex = 1; lastKnownFileType = text.xcconfig; name = "Pods-iShapeTests.release.xcconfig"; path = "Target Support Files/Pods-iShapeTests/Pods-iShapeTests.release.xcconfig"; sourceTree = "<group>"; };
		976DFA98C28D26CB9AD5817C /* Pods-iShapeUITests.debug.xcconfig */ = {isa = PBXFileReference; includeInIndex = 1; lastKnownFileType = text.xcconfig; name = "Pods-iShapeUITests.debug.xcconfig"; path = "Target Support Files/Pods-iShapeUITests/Pods-iShapeUITests.debug.xcconfig"; sourceTree = "<group>"; };
		AD5038F8CCF97A64A9FD46E3 /* Pods_iShapeTests.framework */ = {isa = PBXFileReference; explicitFileType = wrapper.framework; includeInIndex = 0; path = Pods_iShapeTests.framework; sourceTree = BUILT_PRODUCTS_DIR; };
		D2F1F06BFD59733BD8304333 /* Pods-iShapeUI.release.xcconfig */ = {isa = PBXFileReference; includeInIndex = 1; lastKnownFileType = text.xcconfig; name = "Pods-iShapeUI.release.xcconfig"; path = "Target Support Files/Pods-iShapeUI/Pods-iShapeUI.release.xcconfig"; sourceTree = "<group>"; };
		DDBDAFFA687FD222AEC8744A /* Pods_iShapeUI.framework */ = {isa = PBXFileReference; explicitFileType = wrapper.framework; includeInIndex = 0; path = Pods_iShapeUI.framework; sourceTree = BUILT_PRODUCTS_DIR; };
/* End PBXFileReference section */

/* Begin PBXFrameworksBuildPhase section */
		540D282B23447085001FD387 /* Frameworks */ = {
			isa = PBXFrameworksBuildPhase;
			buildActionMask = 2147483647;
			files = (
				837530B3B33C2F605E304055 /* Pods_iShapeTests.framework in Frameworks */,
			);
			runOnlyForDeploymentPostprocessing = 0;
		};
		548AE113233CE7EE00494FE4 /* Frameworks */ = {
			isa = PBXFrameworksBuildPhase;
			buildActionMask = 2147483647;
			files = (
				8C160ACF86CAE90D191D727E /* Pods_iShapeUI.framework in Frameworks */,
			);
			runOnlyForDeploymentPostprocessing = 0;
		};
/* End PBXFrameworksBuildPhase section */

/* Begin PBXGroup section */
		46F673DB34FF401ECD52D2C8 /* Frameworks */ = {
			isa = PBXGroup;
			children = (
				DDBDAFFA687FD222AEC8744A /* Pods_iShapeUI.framework */,
				5AAA98F73E6E8C0A4B190F9F /* Pods_iShapeUITests.framework */,
				AD5038F8CCF97A64A9FD46E3 /* Pods_iShapeTests.framework */,
			);
			name = Frameworks;
			sourceTree = "<group>";
		};
		540C23632344850900A1D178 /* Util */ = {
			isa = PBXGroup;
			children = (
				540D284423447985001FD387 /* Triangles+Array.swift */,
			);
			path = Util;
			sourceTree = "<group>";
		};
		540D282F23447085001FD387 /* iShapeTests */ = {
			isa = PBXGroup;
			children = (
				540C23632344850900A1D178 /* Util */,
				540D2839234470D8001FD387 /* Test */,
				540D283223447085001FD387 /* Info.plist */,
			);
			path = iShapeTests;
			sourceTree = "<group>";
		};
		540D2839234470D8001FD387 /* Test */ = {
			isa = PBXGroup;
			children = (
				540D28402344782B001FD387 /* MonotonePlainTests.swift */,
				540D2842234478E8001FD387 /* MonotoneDelaunayTests.swift */,
				540C235F234481C100A1D178 /* ComplexPlainTests.swift */,
				540C2361234484C900A1D178 /* ComplexDelaunayTests.swift */,
				540D283A234470D8001FD387 /* TriangulatorTests.swift */,
				540D283B234470D8001FD387 /* iGeometryTests.swift */,
			);
			path = Test;
			sourceTree = "<group>";
		};
		548AE10D233CE7EE00494FE4 = {
			isa = PBXGroup;
			children = (
				548AE118233CE7EE00494FE4 /* iShapeUI */,
				540D282F23447085001FD387 /* iShapeTests */,
				548AE117233CE7EE00494FE4 /* Products */,
				C0B854C184E18A6EF331F4E8 /* Pods */,
				46F673DB34FF401ECD52D2C8 /* Frameworks */,
			);
			sourceTree = "<group>";
		};
		548AE117233CE7EE00494FE4 /* Products */ = {
			isa = PBXGroup;
			children = (
				548AE116233CE7EE00494FE4 /* iShapeUI.app */,
				540D282E23447085001FD387 /* iShapeTests.xctest */,
			);
			name = Products;
			sourceTree = "<group>";
		};
		548AE118233CE7EE00494FE4 /* iShapeUI */ = {
			isa = PBXGroup;
			children = (
				548AE129233CFC8000494FE4 /* Source */,
				548AE11D233CE7EF00494FE4 /* Assets.xcassets */,
				548AE11F233CE7EF00494FE4 /* Main.storyboard */,
				548AE122233CE7EF00494FE4 /* Info.plist */,
				548AE123233CE7EF00494FE4 /* iShapeUI.entitlements */,
			);
			path = iShapeUI;
			sourceTree = "<group>";
		};
		548AE129233CFC8000494FE4 /* Source */ = {
			isa = PBXGroup;
			children = (
				548AE12A233CFC8000494FE4 /* ViewController.swift */,
				548AE12B233CFC8000494FE4 /* AppDelegate.swift */,
				548AE12C233CFC8000494FE4 /* Colors.swift */,
				548AE12D233CFC8000494FE4 /* Scene */,
				548AE13A233CFC8000494FE4 /* UIControls */,
				548AE167233D004600494FE4 /* Extension */,
			);
			path = Source;
			sourceTree = "<group>";
		};
		548AE12D233CFC8000494FE4 /* Scene */ = {
			isa = PBXGroup;
			children = (
				548AE12E233CFC8000494FE4 /* ActiveIndex.swift */,
				548AE12F233CFC8000494FE4 /* MouseCompatible.swift */,
				548AE130233CFC8000494FE4 /* SceneNavigation.swift */,
				548AE131233CFC8000494FE4 /* Scene */,
			);
			path = Scene;
			sourceTree = "<group>";
		};
		548AE131233CFC8000494FE4 /* Scene */ = {
			isa = PBXGroup;
			children = (
				548AE133233CFC8000494FE4 /* Plain */,
				548AE136233CFC8000494FE4 /* Delaunay */,
				548AE139233CFC8000494FE4 /* DelaunayAssessmentScene.swift */,
			);
			path = Scene;
			sourceTree = "<group>";
		};
		548AE133233CFC8000494FE4 /* Plain */ = {
			isa = PBXGroup;
			children = (
				548AE134233CFC8000494FE4 /* MotonePlainScene.swift */,
				548AE135233CFC8000494FE4 /* ComplexPlainScene.swift */,
			);
			path = Plain;
			sourceTree = "<group>";
		};
		548AE136233CFC8000494FE4 /* Delaunay */ = {
			isa = PBXGroup;
			children = (
				548AE137233CFC8000494FE4 /* ComplexDelaunayScene.swift */,
				548AE138233CFC8000494FE4 /* MotoneDelaunayScene.swift */,
			);
			path = Delaunay;
			sourceTree = "<group>";
		};
		548AE13A233CFC8000494FE4 /* UIControls */ = {
			isa = PBXGroup;
			children = (
				548AE13B233CFC8000494FE4 /* CanvasView.swift */,
				548AE13C233CFC8000494FE4 /* Shape */,
				548AE148233CFC8000494FE4 /* ShapeCoordinatSystem.swift */,
				548AE149233CFC8000494FE4 /* CoordinateSystemScene.swift */,
			);
			path = UIControls;
			sourceTree = "<group>";
		};
		548AE13C233CFC8000494FE4 /* Shape */ = {
			isa = PBXGroup;
			children = (
				548AE13D233CFC8000494FE4 /* ShapeVector.swift */,
				548AE13E233CFC8000494FE4 /* ShapeTriangle.swift */,
				548AE13F233CFC8000494FE4 /* ShapeCircle.swift */,
				548AE140233CFC8000494FE4 /* Polygon */,
				548AE143233CFC8000494FE4 /* ShapeDot.swift */,
				548AE144233CFC8000494FE4 /* ShapeLine.swift */,
				548AE145233CFC8000494FE4 /* ShapeArea.swift */,
				548AE146233CFC8000494FE4 /* ShapeText.swift */,
				548AE147233CFC8000494FE4 /* ShapeNode.swift */,
			);
			path = Shape;
			sourceTree = "<group>";
		};
		548AE140233CFC8000494FE4 /* Polygon */ = {
			isa = PBXGroup;
			children = (
				548AE141233CFC8000494FE4 /* ShapeVertexPolygon.swift */,
				548AE142233CFC8000494FE4 /* ShapeVectorPolygon.swift */,
				54D643922345381B007BD72A /* ShapeLinePolygon.swift */,
			);
			path = Polygon;
			sourceTree = "<group>";
		};
		548AE167233D004600494FE4 /* Extension */ = {
			isa = PBXGroup;
			children = (
				548AE168233D004600494FE4 /* CGPoint.swift */,
			);
			path = Extension;
			sourceTree = "<group>";
		};
		C0B854C184E18A6EF331F4E8 /* Pods */ = {
			isa = PBXGroup;
			children = (
				42CB61B1B321248266C9C523 /* Pods-iShapeUI.debug.xcconfig */,
				D2F1F06BFD59733BD8304333 /* Pods-iShapeUI.release.xcconfig */,
				976DFA98C28D26CB9AD5817C /* Pods-iShapeUITests.debug.xcconfig */,
				4BF2F6C6DEA27AE0C38944D8 /* Pods-iShapeUITests.release.xcconfig */,
				1417966A5120D21E5219B281 /* Pods-iShapeTests.debug.xcconfig */,
				8197A97D83146A1569C76122 /* Pods-iShapeTests.release.xcconfig */,
			);
			path = Pods;
			sourceTree = "<group>";
		};
/* End PBXGroup section */

/* Begin PBXNativeTarget section */
		540D282D23447085001FD387 /* iShapeTests */ = {
			isa = PBXNativeTarget;
			buildConfigurationList = 540D283523447085001FD387 /* Build configuration list for PBXNativeTarget "iShapeTests" */;
			buildPhases = (
				3A457AB33A1BDEC10B291ACA /* [CP] Check Pods Manifest.lock */,
				540D282A23447085001FD387 /* Sources */,
				540D282B23447085001FD387 /* Frameworks */,
				540D282C23447085001FD387 /* Resources */,
			);
			buildRules = (
			);
			dependencies = (
				540D283423447085001FD387 /* PBXTargetDependency */,
			);
			name = iShapeTests;
			productName = iShapeTests;
			productReference = 540D282E23447085001FD387 /* iShapeTests.xctest */;
			productType = "com.apple.product-type.bundle.unit-test";
		};
		548AE115233CE7EE00494FE4 /* iShapeUI */ = {
			isa = PBXNativeTarget;
			buildConfigurationList = 548AE126233CE7EF00494FE4 /* Build configuration list for PBXNativeTarget "iShapeUI" */;
			buildPhases = (
				C10B491263137113F7DA1E62 /* [CP] Check Pods Manifest.lock */,
				548AE112233CE7EE00494FE4 /* Sources */,
				548AE113233CE7EE00494FE4 /* Frameworks */,
				548AE114233CE7EE00494FE4 /* Resources */,
				B1CB908ABF8643E038B03C1B /* [CP] Embed Pods Frameworks */,
			);
			buildRules = (
			);
			dependencies = (
			);
			name = iShapeUI;
			productName = iShapeUI;
			productReference = 548AE116233CE7EE00494FE4 /* iShapeUI.app */;
			productType = "com.apple.product-type.application";
		};
/* End PBXNativeTarget section */

/* Begin PBXProject section */
		548AE10E233CE7EE00494FE4 /* Project object */ = {
			isa = PBXProject;
			attributes = {
				LastSwiftUpdateCheck = 1100;
				LastUpgradeCheck = 1100;
				ORGANIZATIONNAME = iShape;
				TargetAttributes = {
					540D282D23447085001FD387 = {
						CreatedOnToolsVersion = 11.0;
						TestTargetID = 548AE115233CE7EE00494FE4;
					};
					548AE115233CE7EE00494FE4 = {
						CreatedOnToolsVersion = 10.3;
					};
				};
			};
			buildConfigurationList = 548AE111233CE7EE00494FE4 /* Build configuration list for PBXProject "iShapeUI" */;
			compatibilityVersion = "Xcode 9.3";
			developmentRegion = en;
			hasScannedForEncodings = 0;
			knownRegions = (
				en,
				Base,
			);
			mainGroup = 548AE10D233CE7EE00494FE4;
			productRefGroup = 548AE117233CE7EE00494FE4 /* Products */;
			projectDirPath = "";
			projectRoot = "";
			targets = (
				548AE115233CE7EE00494FE4 /* iShapeUI */,
				540D282D23447085001FD387 /* iShapeTests */,
			);
		};
/* End PBXProject section */

/* Begin PBXResourcesBuildPhase section */
		540D282C23447085001FD387 /* Resources */ = {
			isa = PBXResourcesBuildPhase;
			buildActionMask = 2147483647;
			files = (
			);
			runOnlyForDeploymentPostprocessing = 0;
		};
		548AE114233CE7EE00494FE4 /* Resources */ = {
			isa = PBXResourcesBuildPhase;
			buildActionMask = 2147483647;
			files = (
				548AE11E233CE7EF00494FE4 /* Assets.xcassets in Resources */,
				548AE121233CE7EF00494FE4 /* Main.storyboard in Resources */,
			);
			runOnlyForDeploymentPostprocessing = 0;
		};
/* End PBXResourcesBuildPhase section */

/* Begin PBXShellScriptBuildPhase section */
		3A457AB33A1BDEC10B291ACA /* [CP] Check Pods Manifest.lock */ = {
			isa = PBXShellScriptBuildPhase;
			buildActionMask = 2147483647;
			files = (
			);
			inputFileListPaths = (
			);
			inputPaths = (
				"${PODS_PODFILE_DIR_PATH}/Podfile.lock",
				"${PODS_ROOT}/Manifest.lock",
			);
			name = "[CP] Check Pods Manifest.lock";
			outputFileListPaths = (
			);
			outputPaths = (
				"$(DERIVED_FILE_DIR)/Pods-iShapeTests-checkManifestLockResult.txt",
			);
			runOnlyForDeploymentPostprocessing = 0;
			shellPath = /bin/sh;
			shellScript = "diff \"${PODS_PODFILE_DIR_PATH}/Podfile.lock\" \"${PODS_ROOT}/Manifest.lock\" > /dev/null\nif [ $? != 0 ] ; then\n    # print error to STDERR\n    echo \"error: The sandbox is not in sync with the Podfile.lock. Run 'pod install' or update your CocoaPods installation.\" >&2\n    exit 1\nfi\n# This output is used by Xcode 'outputs' to avoid re-running this script phase.\necho \"SUCCESS\" > \"${SCRIPT_OUTPUT_FILE_0}\"\n";
			showEnvVarsInLog = 0;
		};
		B1CB908ABF8643E038B03C1B /* [CP] Embed Pods Frameworks */ = {
			isa = PBXShellScriptBuildPhase;
			buildActionMask = 2147483647;
			files = (
			);
			inputFileListPaths = (
				"${PODS_ROOT}/Target Support Files/Pods-iShapeUI/Pods-iShapeUI-frameworks-${CONFIGURATION}-input-files.xcfilelist",
			);
			name = "[CP] Embed Pods Frameworks";
			outputFileListPaths = (
				"${PODS_ROOT}/Target Support Files/Pods-iShapeUI/Pods-iShapeUI-frameworks-${CONFIGURATION}-output-files.xcfilelist",
			);
			runOnlyForDeploymentPostprocessing = 0;
			shellPath = /bin/sh;
			shellScript = "\"${PODS_ROOT}/Target Support Files/Pods-iShapeUI/Pods-iShapeUI-frameworks.sh\"\n";
			showEnvVarsInLog = 0;
		};
		C10B491263137113F7DA1E62 /* [CP] Check Pods Manifest.lock */ = {
			isa = PBXShellScriptBuildPhase;
			buildActionMask = 2147483647;
			files = (
			);
			inputFileListPaths = (
			);
			inputPaths = (
				"${PODS_PODFILE_DIR_PATH}/Podfile.lock",
				"${PODS_ROOT}/Manifest.lock",
			);
			name = "[CP] Check Pods Manifest.lock";
			outputFileListPaths = (
			);
			outputPaths = (
				"$(DERIVED_FILE_DIR)/Pods-iShapeUI-checkManifestLockResult.txt",
			);
			runOnlyForDeploymentPostprocessing = 0;
			shellPath = /bin/sh;
			shellScript = "diff \"${PODS_PODFILE_DIR_PATH}/Podfile.lock\" \"${PODS_ROOT}/Manifest.lock\" > /dev/null\nif [ $? != 0 ] ; then\n    # print error to STDERR\n    echo \"error: The sandbox is not in sync with the Podfile.lock. Run 'pod install' or update your CocoaPods installation.\" >&2\n    exit 1\nfi\n# This output is used by Xcode 'outputs' to avoid re-running this script phase.\necho \"SUCCESS\" > \"${SCRIPT_OUTPUT_FILE_0}\"\n";
			showEnvVarsInLog = 0;
		};
/* End PBXShellScriptBuildPhase section */

/* Begin PBXSourcesBuildPhase section */
		540D282A23447085001FD387 /* Sources */ = {
			isa = PBXSourcesBuildPhase;
			buildActionMask = 2147483647;
			files = (
				540D28412344782B001FD387 /* MonotonePlainTests.swift in Sources */,
				540D283D234470D8001FD387 /* TriangulatorTests.swift in Sources */,
				540D284523447985001FD387 /* Triangles+Array.swift in Sources */,
				540D283E234470D8001FD387 /* iGeometryTests.swift in Sources */,
				540C2362234484C900A1D178 /* ComplexDelaunayTests.swift in Sources */,
				540D2843234478E8001FD387 /* MonotoneDelaunayTests.swift in Sources */,
				540C2360234481C100A1D178 /* ComplexPlainTests.swift in Sources */,
			);
			runOnlyForDeploymentPostprocessing = 0;
		};
		548AE112233CE7EE00494FE4 /* Sources */ = {
			isa = PBXSourcesBuildPhase;
			buildActionMask = 2147483647;
			files = (
				548AE14E233CFC8000494FE4 /* MouseCompatible.swift in Sources */,
				548AE15E233CFC8000494FE4 /* ShapeArea.swift in Sources */,
				548AE156233CFC8000494FE4 /* CanvasView.swift in Sources */,
				548AE14D233CFC8000494FE4 /* ActiveIndex.swift in Sources */,
				548AE154233CFC8000494FE4 /* MotoneDelaunayScene.swift in Sources */,
				548AE151233CFC8000494FE4 /* MotonePlainScene.swift in Sources */,
				548AE153233CFC8000494FE4 /* ComplexDelaunayScene.swift in Sources */,
				548AE14B233CFC8000494FE4 /* AppDelegate.swift in Sources */,
				548AE160233CFC8000494FE4 /* ShapeNode.swift in Sources */,
				548AE157233CFC8000494FE4 /* ShapeVector.swift in Sources */,
				548AE15B233CFC8000494FE4 /* ShapeVectorPolygon.swift in Sources */,
				548AE155233CFC8000494FE4 /* DelaunayAssessmentScene.swift in Sources */,
				548AE15F233CFC8000494FE4 /* ShapeText.swift in Sources */,
				548AE161233CFC8000494FE4 /* ShapeCoordinatSystem.swift in Sources */,
				548AE15D233CFC8000494FE4 /* ShapeLine.swift in Sources */,
				548AE14C233CFC8000494FE4 /* Colors.swift in Sources */,
				548AE152233CFC8000494FE4 /* ComplexPlainScene.swift in Sources */,
				548AE15A233CFC8000494FE4 /* ShapeVertexPolygon.swift in Sources */,
				548AE14F233CFC8000494FE4 /* SceneNavigation.swift in Sources */,
				548AE169233D004600494FE4 /* CGPoint.swift in Sources */,
				548AE158233CFC8000494FE4 /* ShapeTriangle.swift in Sources */,
				548AE15C233CFC8000494FE4 /* ShapeDot.swift in Sources */,
				54D643932345381B007BD72A /* ShapeLinePolygon.swift in Sources */,
				548AE162233CFC8000494FE4 /* CoordinateSystemScene.swift in Sources */,
				548AE14A233CFC8000494FE4 /* ViewController.swift in Sources */,
				548AE159233CFC8000494FE4 /* ShapeCircle.swift in Sources */,
			);
			runOnlyForDeploymentPostprocessing = 0;
		};
/* End PBXSourcesBuildPhase section */

/* Begin PBXTargetDependency section */
		540D283423447085001FD387 /* PBXTargetDependency */ = {
			isa = PBXTargetDependency;
			target = 548AE115233CE7EE00494FE4 /* iShapeUI */;
			targetProxy = 540D283323447085001FD387 /* PBXContainerItemProxy */;
		};
/* End PBXTargetDependency section */

/* Begin PBXVariantGroup section */
		548AE11F233CE7EF00494FE4 /* Main.storyboard */ = {
			isa = PBXVariantGroup;
			children = (
				548AE120233CE7EF00494FE4 /* Base */,
			);
			name = Main.storyboard;
			sourceTree = "<group>";
		};
/* End PBXVariantGroup section */

/* Begin XCBuildConfiguration section */
		540D283623447085001FD387 /* Debug */ = {
			isa = XCBuildConfiguration;
			baseConfigurationReference = 1417966A5120D21E5219B281 /* Pods-iShapeTests.debug.xcconfig */;
			buildSettings = {
				BUNDLE_LOADER = "$(TEST_HOST)";
				CODE_SIGN_STYLE = Automatic;
				COMBINE_HIDPI_IMAGES = YES;
				INFOPLIST_FILE = iShapeTests/Info.plist;
				LD_RUNPATH_SEARCH_PATHS = (
					"$(inherited)",
					"@executable_path/../Frameworks",
					"@loader_path/../Frameworks",
				);
				PRODUCT_BUNDLE_IDENTIFIER = com.ishape.iShapeTests;
				PRODUCT_NAME = "$(TARGET_NAME)";
				SWIFT_VERSION = 5.0;
				TEST_HOST = "$(BUILT_PRODUCTS_DIR)/iShapeUI.app/Contents/MacOS/iShapeUI";
			};
			name = Debug;
		};
		540D283723447085001FD387 /* Release */ = {
			isa = XCBuildConfiguration;
			baseConfigurationReference = 8197A97D83146A1569C76122 /* Pods-iShapeTests.release.xcconfig */;
			buildSettings = {
				BUNDLE_LOADER = "$(TEST_HOST)";
				CODE_SIGN_STYLE = Automatic;
				COMBINE_HIDPI_IMAGES = YES;
				INFOPLIST_FILE = iShapeTests/Info.plist;
				LD_RUNPATH_SEARCH_PATHS = (
					"$(inherited)",
					"@executable_path/../Frameworks",
					"@loader_path/../Frameworks",
				);
				PRODUCT_BUNDLE_IDENTIFIER = com.ishape.iShapeTests;
				PRODUCT_NAME = "$(TARGET_NAME)";
				SWIFT_VERSION = 5.0;
				TEST_HOST = "$(BUILT_PRODUCTS_DIR)/iShapeUI.app/Contents/MacOS/iShapeUI";
			};
			name = Release;
		};
		548AE124233CE7EF00494FE4 /* Debug */ = {
			isa = XCBuildConfiguration;
			buildSettings = {
				ALWAYS_SEARCH_USER_PATHS = NO;
				CLANG_ANALYZER_NONNULL = YES;
				CLANG_ANALYZER_NUMBER_OBJECT_CONVERSION = YES_AGGRESSIVE;
				CLANG_CXX_LANGUAGE_STANDARD = "gnu++14";
				CLANG_CXX_LIBRARY = "libc++";
				CLANG_ENABLE_MODULES = YES;
				CLANG_ENABLE_OBJC_ARC = YES;
				CLANG_ENABLE_OBJC_WEAK = YES;
				CLANG_WARN_BLOCK_CAPTURE_AUTORELEASING = YES;
				CLANG_WARN_BOOL_CONVERSION = YES;
				CLANG_WARN_COMMA = YES;
				CLANG_WARN_CONSTANT_CONVERSION = YES;
				CLANG_WARN_DEPRECATED_OBJC_IMPLEMENTATIONS = YES;
				CLANG_WARN_DIRECT_OBJC_ISA_USAGE = YES_ERROR;
				CLANG_WARN_DOCUMENTATION_COMMENTS = YES;
				CLANG_WARN_EMPTY_BODY = YES;
				CLANG_WARN_ENUM_CONVERSION = YES;
				CLANG_WARN_INFINITE_RECURSION = YES;
				CLANG_WARN_INT_CONVERSION = YES;
				CLANG_WARN_NON_LITERAL_NULL_CONVERSION = YES;
				CLANG_WARN_OBJC_IMPLICIT_RETAIN_SELF = YES;
				CLANG_WARN_OBJC_LITERAL_CONVERSION = YES;
				CLANG_WARN_OBJC_ROOT_CLASS = YES_ERROR;
				CLANG_WARN_RANGE_LOOP_ANALYSIS = YES;
				CLANG_WARN_STRICT_PROTOTYPES = YES;
				CLANG_WARN_SUSPICIOUS_MOVE = YES;
				CLANG_WARN_UNGUARDED_AVAILABILITY = YES_AGGRESSIVE;
				CLANG_WARN_UNREACHABLE_CODE = YES;
				CLANG_WARN__DUPLICATE_METHOD_MATCH = YES;
				CODE_SIGN_IDENTITY = "-";
				COPY_PHASE_STRIP = NO;
				DEBUG_INFORMATION_FORMAT = dwarf;
				ENABLE_STRICT_OBJC_MSGSEND = YES;
				ENABLE_TESTABILITY = YES;
				GCC_C_LANGUAGE_STANDARD = gnu11;
				GCC_DYNAMIC_NO_PIC = NO;
				GCC_NO_COMMON_BLOCKS = YES;
				GCC_OPTIMIZATION_LEVEL = 0;
				GCC_PREPROCESSOR_DEFINITIONS = (
					"DEBUG=1",
					"$(inherited)",
				);
				GCC_WARN_64_TO_32_BIT_CONVERSION = YES;
				GCC_WARN_ABOUT_RETURN_TYPE = YES_ERROR;
				GCC_WARN_UNDECLARED_SELECTOR = YES;
				GCC_WARN_UNINITIALIZED_AUTOS = YES_AGGRESSIVE;
				GCC_WARN_UNUSED_FUNCTION = YES;
				GCC_WARN_UNUSED_VARIABLE = YES;
				MACOSX_DEPLOYMENT_TARGET = 10.14;
				MTL_ENABLE_DEBUG_INFO = INCLUDE_SOURCE;
				MTL_FAST_MATH = YES;
				ONLY_ACTIVE_ARCH = YES;
				OTHER_SWIFT_FLAGS = "-DiShapeTest";
				SDKROOT = macosx;
				SWIFT_ACTIVE_COMPILATION_CONDITIONS = DEBUG;
				SWIFT_OPTIMIZATION_LEVEL = "-Onone";
			};
			name = Debug;
		};
		548AE125233CE7EF00494FE4 /* Release */ = {
			isa = XCBuildConfiguration;
			buildSettings = {
				ALWAYS_SEARCH_USER_PATHS = NO;
				CLANG_ANALYZER_NONNULL = YES;
				CLANG_ANALYZER_NUMBER_OBJECT_CONVERSION = YES_AGGRESSIVE;
				CLANG_CXX_LANGUAGE_STANDARD = "gnu++14";
				CLANG_CXX_LIBRARY = "libc++";
				CLANG_ENABLE_MODULES = YES;
				CLANG_ENABLE_OBJC_ARC = YES;
				CLANG_ENABLE_OBJC_WEAK = YES;
				CLANG_WARN_BLOCK_CAPTURE_AUTORELEASING = YES;
				CLANG_WARN_BOOL_CONVERSION = YES;
				CLANG_WARN_COMMA = YES;
				CLANG_WARN_CONSTANT_CONVERSION = YES;
				CLANG_WARN_DEPRECATED_OBJC_IMPLEMENTATIONS = YES;
				CLANG_WARN_DIRECT_OBJC_ISA_USAGE = YES_ERROR;
				CLANG_WARN_DOCUMENTATION_COMMENTS = YES;
				CLANG_WARN_EMPTY_BODY = YES;
				CLANG_WARN_ENUM_CONVERSION = YES;
				CLANG_WARN_INFINITE_RECURSION = YES;
				CLANG_WARN_INT_CONVERSION = YES;
				CLANG_WARN_NON_LITERAL_NULL_CONVERSION = YES;
				CLANG_WARN_OBJC_IMPLICIT_RETAIN_SELF = YES;
				CLANG_WARN_OBJC_LITERAL_CONVERSION = YES;
				CLANG_WARN_OBJC_ROOT_CLASS = YES_ERROR;
				CLANG_WARN_RANGE_LOOP_ANALYSIS = YES;
				CLANG_WARN_STRICT_PROTOTYPES = YES;
				CLANG_WARN_SUSPICIOUS_MOVE = YES;
				CLANG_WARN_UNGUARDED_AVAILABILITY = YES_AGGRESSIVE;
				CLANG_WARN_UNREACHABLE_CODE = YES;
				CLANG_WARN__DUPLICATE_METHOD_MATCH = YES;
				CODE_SIGN_IDENTITY = "-";
				COPY_PHASE_STRIP = NO;
				DEBUG_INFORMATION_FORMAT = "dwarf-with-dsym";
				ENABLE_NS_ASSERTIONS = NO;
				ENABLE_STRICT_OBJC_MSGSEND = YES;
				GCC_C_LANGUAGE_STANDARD = gnu11;
				GCC_NO_COMMON_BLOCKS = YES;
				GCC_WARN_64_TO_32_BIT_CONVERSION = YES;
				GCC_WARN_ABOUT_RETURN_TYPE = YES_ERROR;
				GCC_WARN_UNDECLARED_SELECTOR = YES;
				GCC_WARN_UNINITIALIZED_AUTOS = YES_AGGRESSIVE;
				GCC_WARN_UNUSED_FUNCTION = YES;
				GCC_WARN_UNUSED_VARIABLE = YES;
				MACOSX_DEPLOYMENT_TARGET = 10.14;
				MTL_ENABLE_DEBUG_INFO = NO;
				MTL_FAST_MATH = YES;
				SDKROOT = macosx;
				SWIFT_COMPILATION_MODE = wholemodule;
				SWIFT_OPTIMIZATION_LEVEL = "-O";
			};
			name = Release;
		};
		548AE127233CE7EF00494FE4 /* Debug */ = {
			isa = XCBuildConfiguration;
			baseConfigurationReference = 42CB61B1B321248266C9C523 /* Pods-iShapeUI.debug.xcconfig */;
			buildSettings = {
				ASSETCATALOG_COMPILER_APPICON_NAME = AppIcon;
				CODE_SIGN_ENTITLEMENTS = iShapeUI/iShapeUI.entitlements;
				CODE_SIGN_IDENTITY = "-";
				CODE_SIGN_STYLE = Automatic;
				COMBINE_HIDPI_IMAGES = YES;
				INFOPLIST_FILE = iShapeUI/Info.plist;
				LD_RUNPATH_SEARCH_PATHS = (
					"$(inherited)",
					"@executable_path/../Frameworks",
				);
				OTHER_SWIFT_FLAGS = "$(inherited) -D COCOAPODS";
				PRODUCT_BUNDLE_IDENTIFIER = com.ishape.iShapeUI;
				PRODUCT_NAME = "$(TARGET_NAME)";
				SWIFT_VERSION = 5.0;
			};
			name = Debug;
		};
		548AE128233CE7EF00494FE4 /* Release */ = {
			isa = XCBuildConfiguration;
			baseConfigurationReference = D2F1F06BFD59733BD8304333 /* Pods-iShapeUI.release.xcconfig */;
			buildSettings = {
				ASSETCATALOG_COMPILER_APPICON_NAME = AppIcon;
				CODE_SIGN_ENTITLEMENTS = iShapeUI/iShapeUI.entitlements;
				CODE_SIGN_IDENTITY = "-";
				CODE_SIGN_STYLE = Automatic;
				COMBINE_HIDPI_IMAGES = YES;
				INFOPLIST_FILE = iShapeUI/Info.plist;
				LD_RUNPATH_SEARCH_PATHS = (
					"$(inherited)",
					"@executable_path/../Frameworks",
				);
				OTHER_SWIFT_FLAGS = "$(inherited) -D COCOAPODS";
				PRODUCT_BUNDLE_IDENTIFIER = com.ishape.iShapeUI;
				PRODUCT_NAME = "$(TARGET_NAME)";
				SWIFT_VERSION = 5.0;
			};
			name = Release;
		};
/* End XCBuildConfiguration section */

/* Begin XCConfigurationList section */
		540D283523447085001FD387 /* Build configuration list for PBXNativeTarget "iShapeTests" */ = {
			isa = XCConfigurationList;
			buildConfigurations = (
				540D283623447085001FD387 /* Debug */,
				540D283723447085001FD387 /* Release */,
			);
			defaultConfigurationIsVisible = 0;
			defaultConfigurationName = Release;
		};
		548AE111233CE7EE00494FE4 /* Build configuration list for PBXProject "iShapeUI" */ = {
			isa = XCConfigurationList;
			buildConfigurations = (
				548AE124233CE7EF00494FE4 /* Debug */,
				548AE125233CE7EF00494FE4 /* Release */,
			);
			defaultConfigurationIsVisible = 0;
			defaultConfigurationName = Release;
		};
		548AE126233CE7EF00494FE4 /* Build configuration list for PBXNativeTarget "iShapeUI" */ = {
			isa = XCConfigurationList;
			buildConfigurations = (
				548AE127233CE7EF00494FE4 /* Debug */,
				548AE128233CE7EF00494FE4 /* Release */,
			);
			defaultConfigurationIsVisible = 0;
			defaultConfigurationName = Release;
		};
/* End XCConfigurationList section */
	};
	rootObject = 548AE10E233CE7EE00494FE4 /* Project object */;
}
