// !$*UTF8*$!
{
	archiveVersion = 1;
	classes = {
	};
	objectVersion = 55;
	objects = {

/* Begin PBXBuildFile section */
		19F625E9531637786E0BE4EF /* Pods_SwiftUIMetal__iOS_.framework in Frameworks */ = {isa = PBXBuildFile; fileRef = 5654C6541120422A0EC93A04 /* Pods_SwiftUIMetal__iOS_.framework */; };
		544107C16B755BF3D7F41B9B /* Pods_SwiftUIMetal__macOS_.framework in Frameworks */ = {isa = PBXBuildFile; fileRef = A421CB51370DB5978DE1EA32 /* Pods_SwiftUIMetal__macOS_.framework */; };
		54B8CCBD2786135C004C181F /* SwiftUIMetalApp.swift in Sources */ = {isa = PBXBuildFile; fileRef = 54B8CCAD2786135B004C181F /* SwiftUIMetalApp.swift */; };
		54B8CCBE2786135C004C181F /* SwiftUIMetalApp.swift in Sources */ = {isa = PBXBuildFile; fileRef = 54B8CCAD2786135B004C181F /* SwiftUIMetalApp.swift */; };
		54B8CCBF2786135C004C181F /* ContentView.swift in Sources */ = {isa = PBXBuildFile; fileRef = 54B8CCAE2786135B004C181F /* ContentView.swift */; };
		54B8CCC02786135C004C181F /* ContentView.swift in Sources */ = {isa = PBXBuildFile; fileRef = 54B8CCAE2786135B004C181F /* ContentView.swift */; };
		54B8CCC12786135C004C181F /* Assets.xcassets in Resources */ = {isa = PBXBuildFile; fileRef = 54B8CCAF2786135C004C181F /* Assets.xcassets */; };
		54B8CCC22786135C004C181F /* Assets.xcassets in Resources */ = {isa = PBXBuildFile; fileRef = 54B8CCAF2786135C004C181F /* Assets.xcassets */; };
		54B8CCCD27861516004C181F /* MetalView.swift in Sources */ = {isa = PBXBuildFile; fileRef = 54B8CCCC27861516004C181F /* MetalView.swift */; };
		54B8CCCE27861516004C181F /* MetalView.swift in Sources */ = {isa = PBXBuildFile; fileRef = 54B8CCCC27861516004C181F /* MetalView.swift */; };
		54B8CCD027861526004C181F /* MeshBuilder.swift in Sources */ = {isa = PBXBuildFile; fileRef = 54B8CCCF27861526004C181F /* MeshBuilder.swift */; };
		54B8CCD127861526004C181F /* MeshBuilder.swift in Sources */ = {isa = PBXBuildFile; fileRef = 54B8CCCF27861526004C181F /* MeshBuilder.swift */; };
		54B8CCD327861607004C181F /* Shaders.metal in Sources */ = {isa = PBXBuildFile; fileRef = 54B8CCD227861607004C181F /* Shaders.metal */; };
		54B8CCD427861607004C181F /* Shaders.metal in Sources */ = {isa = PBXBuildFile; fileRef = 54B8CCD227861607004C181F /* Shaders.metal */; };
/* End PBXBuildFile section */

/* Begin PBXFileReference section */
		33F9DD9F2F868DB41CFCCA05 /* Pods-SwiftUIMetal (iOS).debug.xcconfig */ = {isa = PBXFileReference; includeInIndex = 1; lastKnownFileType = text.xcconfig; name = "Pods-SwiftUIMetal (iOS).debug.xcconfig"; path = "Target Support Files/Pods-SwiftUIMetal (iOS)/Pods-SwiftUIMetal (iOS).debug.xcconfig"; sourceTree = "<group>"; };
		4F9BDA0773384E6E5AD55D21 /* Pods-SwiftUIMetal (macOS).debug.xcconfig */ = {isa = PBXFileReference; includeInIndex = 1; lastKnownFileType = text.xcconfig; name = "Pods-SwiftUIMetal (macOS).debug.xcconfig"; path = "Target Support Files/Pods-SwiftUIMetal (macOS)/Pods-SwiftUIMetal (macOS).debug.xcconfig"; sourceTree = "<group>"; };
		54B8CCAD2786135B004C181F /* SwiftUIMetalApp.swift */ = {isa = PBXFileReference; lastKnownFileType = sourcecode.swift; path = SwiftUIMetalApp.swift; sourceTree = "<group>"; };
		54B8CCAE2786135B004C181F /* ContentView.swift */ = {isa = PBXFileReference; lastKnownFileType = sourcecode.swift; path = ContentView.swift; sourceTree = "<group>"; };
		54B8CCAF2786135C004C181F /* Assets.xcassets */ = {isa = PBXFileReference; lastKnownFileType = folder.assetcatalog; path = Assets.xcassets; sourceTree = "<group>"; };
		54B8CCB42786135C004C181F /* SwiftUIMetal.app */ = {isa = PBXFileReference; explicitFileType = wrapper.application; includeInIndex = 0; path = SwiftUIMetal.app; sourceTree = BUILT_PRODUCTS_DIR; };
		54B8CCBA2786135C004C181F /* SwiftUIMetal.app */ = {isa = PBXFileReference; explicitFileType = wrapper.application; includeInIndex = 0; path = SwiftUIMetal.app; sourceTree = BUILT_PRODUCTS_DIR; };
		54B8CCBC2786135C004C181F /* macOS.entitlements */ = {isa = PBXFileReference; lastKnownFileType = text.plist.entitlements; path = macOS.entitlements; sourceTree = "<group>"; };
		54B8CCCC27861516004C181F /* MetalView.swift */ = {isa = PBXFileReference; lastKnownFileType = sourcecode.swift; path = MetalView.swift; sourceTree = "<group>"; };
		54B8CCCF27861526004C181F /* MeshBuilder.swift */ = {isa = PBXFileReference; lastKnownFileType = sourcecode.swift; path = MeshBuilder.swift; sourceTree = "<group>"; };
		54B8CCD227861607004C181F /* Shaders.metal */ = {isa = PBXFileReference; lastKnownFileType = sourcecode.metal; path = Shaders.metal; sourceTree = "<group>"; };
		5654C6541120422A0EC93A04 /* Pods_SwiftUIMetal__iOS_.framework */ = {isa = PBXFileReference; explicitFileType = wrapper.framework; includeInIndex = 0; path = Pods_SwiftUIMetal__iOS_.framework; sourceTree = BUILT_PRODUCTS_DIR; };
		87916C509E7367251000DEEB /* Pods-SwiftUIMetal (iOS).release.xcconfig */ = {isa = PBXFileReference; includeInIndex = 1; lastKnownFileType = text.xcconfig; name = "Pods-SwiftUIMetal (iOS).release.xcconfig"; path = "Target Support Files/Pods-SwiftUIMetal (iOS)/Pods-SwiftUIMetal (iOS).release.xcconfig"; sourceTree = "<group>"; };
		A421CB51370DB5978DE1EA32 /* Pods_SwiftUIMetal__macOS_.framework */ = {isa = PBXFileReference; explicitFileType = wrapper.framework; includeInIndex = 0; path = Pods_SwiftUIMetal__macOS_.framework; sourceTree = BUILT_PRODUCTS_DIR; };
		AF530C4418907E6057828CE2 /* Pods-SwiftUIMetal (macOS).release.xcconfig */ = {isa = PBXFileReference; includeInIndex = 1; lastKnownFileType = text.xcconfig; name = "Pods-SwiftUIMetal (macOS).release.xcconfig"; path = "Target Support Files/Pods-SwiftUIMetal (macOS)/Pods-SwiftUIMetal (macOS).release.xcconfig"; sourceTree = "<group>"; };
/* End PBXFileReference section */

/* Begin PBXFrameworksBuildPhase section */
		54B8CCB12786135C004C181F /* Frameworks */ = {
			isa = PBXFrameworksBuildPhase;
			buildActionMask = 2147483647;
			files = (
				19F625E9531637786E0BE4EF /* Pods_SwiftUIMetal__iOS_.framework in Frameworks */,
			);
			runOnlyForDeploymentPostprocessing = 0;
		};
		54B8CCB72786135C004C181F /* Frameworks */ = {
			isa = PBXFrameworksBuildPhase;
			buildActionMask = 2147483647;
			files = (
				544107C16B755BF3D7F41B9B /* Pods_SwiftUIMetal__macOS_.framework in Frameworks */,
			);
			runOnlyForDeploymentPostprocessing = 0;
		};
/* End PBXFrameworksBuildPhase section */

/* Begin PBXGroup section */
		54B8CCA72786135B004C181F = {
			isa = PBXGroup;
			children = (
				54B8CCAC2786135B004C181F /* Shared */,
				54B8CCBB2786135C004C181F /* macOS */,
				54B8CCB52786135C004C181F /* Products */,
				9282B318230ACA74113FD4BE /* Pods */,
				73F1BD35F07AFEDE5FF3F3BE /* Frameworks */,
			);
			sourceTree = "<group>";
		};
		54B8CCAC2786135B004C181F /* Shared */ = {
			isa = PBXGroup;
			children = (
				54B8CCCB278614E3004C181F /* Metal */,
				54B8CCAD2786135B004C181F /* SwiftUIMetalApp.swift */,
				54B8CCAE2786135B004C181F /* ContentView.swift */,
				54B8CCAF2786135C004C181F /* Assets.xcassets */,
			);
			path = Shared;
			sourceTree = "<group>";
		};
		54B8CCB52786135C004C181F /* Products */ = {
			isa = PBXGroup;
			children = (
				54B8CCB42786135C004C181F /* SwiftUIMetal.app */,
				54B8CCBA2786135C004C181F /* SwiftUIMetal.app */,
			);
			name = Products;
			sourceTree = "<group>";
		};
		54B8CCBB2786135C004C181F /* macOS */ = {
			isa = PBXGroup;
			children = (
				54B8CCBC2786135C004C181F /* macOS.entitlements */,
			);
			path = macOS;
			sourceTree = "<group>";
		};
		54B8CCCB278614E3004C181F /* Metal */ = {
			isa = PBXGroup;
			children = (
				54B8CCCC27861516004C181F /* MetalView.swift */,
				54B8CCCF27861526004C181F /* MeshBuilder.swift */,
				54B8CCD227861607004C181F /* Shaders.metal */,
			);
			path = Metal;
			sourceTree = "<group>";
		};
		73F1BD35F07AFEDE5FF3F3BE /* Frameworks */ = {
			isa = PBXGroup;
			children = (
				5654C6541120422A0EC93A04 /* Pods_SwiftUIMetal__iOS_.framework */,
				A421CB51370DB5978DE1EA32 /* Pods_SwiftUIMetal__macOS_.framework */,
			);
			name = Frameworks;
			sourceTree = "<group>";
		};
		9282B318230ACA74113FD4BE /* Pods */ = {
			isa = PBXGroup;
			children = (
				33F9DD9F2F868DB41CFCCA05 /* Pods-SwiftUIMetal (iOS).debug.xcconfig */,
				87916C509E7367251000DEEB /* Pods-SwiftUIMetal (iOS).release.xcconfig */,
				4F9BDA0773384E6E5AD55D21 /* Pods-SwiftUIMetal (macOS).debug.xcconfig */,
				AF530C4418907E6057828CE2 /* Pods-SwiftUIMetal (macOS).release.xcconfig */,
			);
			path = Pods;
			sourceTree = "<group>";
		};
/* End PBXGroup section */

/* Begin PBXNativeTarget section */
		54B8CCB32786135C004C181F /* SwiftUIMetal (iOS) */ = {
			isa = PBXNativeTarget;
			buildConfigurationList = 54B8CCC52786135C004C181F /* Build configuration list for PBXNativeTarget "SwiftUIMetal (iOS)" */;
			buildPhases = (
				6F7B16455231BE08F264B331 /* [CP] Check Pods Manifest.lock */,
				54B8CCB02786135C004C181F /* Sources */,
				54B8CCB12786135C004C181F /* Frameworks */,
				54B8CCB22786135C004C181F /* Resources */,
				D41813DF7D739EEAC49A6B7D /* [CP] Embed Pods Frameworks */,
			);
			buildRules = (
			);
			dependencies = (
			);
			name = "SwiftUIMetal (iOS)";
			productName = "SwiftUIMetal (iOS)";
			productReference = 54B8CCB42786135C004C181F /* SwiftUIMetal.app */;
			productType = "com.apple.product-type.application";
		};
		54B8CCB92786135C004C181F /* SwiftUIMetal (macOS) */ = {
			isa = PBXNativeTarget;
			buildConfigurationList = 54B8CCC82786135C004C181F /* Build configuration list for PBXNativeTarget "SwiftUIMetal (macOS)" */;
			buildPhases = (
				CD1E0A12D54EF8E4D2777FA8 /* [CP] Check Pods Manifest.lock */,
				54B8CCB62786135C004C181F /* Sources */,
				54B8CCB72786135C004C181F /* Frameworks */,
				54B8CCB82786135C004C181F /* Resources */,
				B9BEB003986AB98310557DCE /* [CP] Embed Pods Frameworks */,
			);
			buildRules = (
			);
			dependencies = (
			);
			name = "SwiftUIMetal (macOS)";
			productName = "SwiftUIMetal (macOS)";
			productReference = 54B8CCBA2786135C004C181F /* SwiftUIMetal.app */;
			productType = "com.apple.product-type.application";
		};
/* End PBXNativeTarget section */

/* Begin PBXProject section */
		54B8CCA82786135B004C181F /* Project object */ = {
			isa = PBXProject;
			attributes = {
				BuildIndependentTargetsInParallel = 1;
				LastSwiftUpdateCheck = 1320;
				LastUpgradeCheck = 1320;
				TargetAttributes = {
					54B8CCB32786135C004C181F = {
						CreatedOnToolsVersion = 13.2.1;
					};
					54B8CCB92786135C004C181F = {
						CreatedOnToolsVersion = 13.2.1;
					};
				};
			};
			buildConfigurationList = 54B8CCAB2786135B004C181F /* Build configuration list for PBXProject "SwiftUIMetal" */;
			compatibilityVersion = "Xcode 13.0";
			developmentRegion = en;
			hasScannedForEncodings = 0;
			knownRegions = (
				en,
				Base,
			);
			mainGroup = 54B8CCA72786135B004C181F;
			productRefGroup = 54B8CCB52786135C004C181F /* Products */;
			projectDirPath = "";
			projectRoot = "";
			targets = (
				54B8CCB32786135C004C181F /* SwiftUIMetal (iOS) */,
				54B8CCB92786135C004C181F /* SwiftUIMetal (macOS) */,
			);
		};
/* End PBXProject section */

/* Begin PBXResourcesBuildPhase section */
		54B8CCB22786135C004C181F /* Resources */ = {
			isa = PBXResourcesBuildPhase;
			buildActionMask = 2147483647;
			files = (
				54B8CCC12786135C004C181F /* Assets.xcassets in Resources */,
			);
			runOnlyForDeploymentPostprocessing = 0;
		};
		54B8CCB82786135C004C181F /* Resources */ = {
			isa = PBXResourcesBuildPhase;
			buildActionMask = 2147483647;
			files = (
				54B8CCC22786135C004C181F /* Assets.xcassets in Resources */,
			);
			runOnlyForDeploymentPostprocessing = 0;
		};
/* End PBXResourcesBuildPhase section */

/* Begin PBXShellScriptBuildPhase section */
		6F7B16455231BE08F264B331 /* [CP] Check Pods Manifest.lock */ = {
			isa = PBXShellScriptBuildPhase;
			buildActionMask = 2147483647;
			files = (
			);
			inputFileListPaths = (
			);
			inputPaths = (
				"${PODS_PODFILE_DIR_PATH}/Podfile.lock",
				"${PODS_ROOT}/Manifest.lock",
			);
			name = "[CP] Check Pods Manifest.lock";
			outputFileListPaths = (
			);
			outputPaths = (
				"$(DERIVED_FILE_DIR)/Pods-SwiftUIMetal (iOS)-checkManifestLockResult.txt",
			);
			runOnlyForDeploymentPostprocessing = 0;
			shellPath = /bin/sh;
			shellScript = "diff \"${PODS_PODFILE_DIR_PATH}/Podfile.lock\" \"${PODS_ROOT}/Manifest.lock\" > /dev/null\nif [ $? != 0 ] ; then\n    # print error to STDERR\n    echo \"error: The sandbox is not in sync with the Podfile.lock. Run 'pod install' or update your CocoaPods installation.\" >&2\n    exit 1\nfi\n# This output is used by Xcode 'outputs' to avoid re-running this script phase.\necho \"SUCCESS\" > \"${SCRIPT_OUTPUT_FILE_0}\"\n";
			showEnvVarsInLog = 0;
		};
		B9BEB003986AB98310557DCE /* [CP] Embed Pods Frameworks */ = {
			isa = PBXShellScriptBuildPhase;
			buildActionMask = 2147483647;
			files = (
			);
			inputFileListPaths = (
				"${PODS_ROOT}/Target Support Files/Pods-SwiftUIMetal (macOS)/Pods-SwiftUIMetal (macOS)-frameworks-${CONFIGURATION}-input-files.xcfilelist",
			);
			name = "[CP] Embed Pods Frameworks";
			outputFileListPaths = (
				"${PODS_ROOT}/Target Support Files/Pods-SwiftUIMetal (macOS)/Pods-SwiftUIMetal (macOS)-frameworks-${CONFIGURATION}-output-files.xcfilelist",
			);
			runOnlyForDeploymentPostprocessing = 0;
			shellPath = /bin/sh;
			shellScript = "\"${PODS_ROOT}/Target Support Files/Pods-SwiftUIMetal (macOS)/Pods-SwiftUIMetal (macOS)-frameworks.sh\"\n";
			showEnvVarsInLog = 0;
		};
		CD1E0A12D54EF8E4D2777FA8 /* [CP] Check Pods Manifest.lock */ = {
			isa = PBXShellScriptBuildPhase;
			buildActionMask = 2147483647;
			files = (
			);
			inputFileListPaths = (
			);
			inputPaths = (
				"${PODS_PODFILE_DIR_PATH}/Podfile.lock",
				"${PODS_ROOT}/Manifest.lock",
			);
			name = "[CP] Check Pods Manifest.lock";
			outputFileListPaths = (
			);
			outputPaths = (
				"$(DERIVED_FILE_DIR)/Pods-SwiftUIMetal (macOS)-checkManifestLockResult.txt",
			);
			runOnlyForDeploymentPostprocessing = 0;
			shellPath = /bin/sh;
			shellScript = "diff \"${PODS_PODFILE_DIR_PATH}/Podfile.lock\" \"${PODS_ROOT}/Manifest.lock\" > /dev/null\nif [ $? != 0 ] ; then\n    # print error to STDERR\n    echo \"error: The sandbox is not in sync with the Podfile.lock. Run 'pod install' or update your CocoaPods installation.\" >&2\n    exit 1\nfi\n# This output is used by Xcode 'outputs' to avoid re-running this script phase.\necho \"SUCCESS\" > \"${SCRIPT_OUTPUT_FILE_0}\"\n";
			showEnvVarsInLog = 0;
		};
		D41813DF7D739EEAC49A6B7D /* [CP] Embed Pods Frameworks */ = {
			isa = PBXShellScriptBuildPhase;
			buildActionMask = 2147483647;
			files = (
			);
			inputFileListPaths = (
				"${PODS_ROOT}/Target Support Files/Pods-SwiftUIMetal (iOS)/Pods-SwiftUIMetal (iOS)-frameworks-${CONFIGURATION}-input-files.xcfilelist",
			);
			name = "[CP] Embed Pods Frameworks";
			outputFileListPaths = (
				"${PODS_ROOT}/Target Support Files/Pods-SwiftUIMetal (iOS)/Pods-SwiftUIMetal (iOS)-frameworks-${CONFIGURATION}-output-files.xcfilelist",
			);
			runOnlyForDeploymentPostprocessing = 0;
			shellPath = /bin/sh;
			shellScript = "\"${PODS_ROOT}/Target Support Files/Pods-SwiftUIMetal (iOS)/Pods-SwiftUIMetal (iOS)-frameworks.sh\"\n";
			showEnvVarsInLog = 0;
		};
/* End PBXShellScriptBuildPhase section */

/* Begin PBXSourcesBuildPhase section */
		54B8CCB02786135C004C181F /* Sources */ = {
			isa = PBXSourcesBuildPhase;
			buildActionMask = 2147483647;
			files = (
				54B8CCD027861526004C181F /* MeshBuilder.swift in Sources */,
				54B8CCCD27861516004C181F /* MetalView.swift in Sources */,
				54B8CCBF2786135C004C181F /* ContentView.swift in Sources */,
				54B8CCBD2786135C004C181F /* SwiftUIMetalApp.swift in Sources */,
				54B8CCD327861607004C181F /* Shaders.metal in Sources */,
			);
			runOnlyForDeploymentPostprocessing = 0;
		};
		54B8CCB62786135C004C181F /* Sources */ = {
			isa = PBXSourcesBuildPhase;
			buildActionMask = 2147483647;
			files = (
				54B8CCD127861526004C181F /* MeshBuilder.swift in Sources */,
				54B8CCCE27861516004C181F /* MetalView.swift in Sources */,
				54B8CCC02786135C004C181F /* ContentView.swift in Sources */,
				54B8CCBE2786135C004C181F /* SwiftUIMetalApp.swift in Sources */,
				54B8CCD427861607004C181F /* Shaders.metal in Sources */,
			);
			runOnlyForDeploymentPostprocessing = 0;
		};
/* End PBXSourcesBuildPhase section */

/* Begin XCBuildConfiguration section */
		54B8CCC32786135C004C181F /* Debug */ = {
			isa = XCBuildConfiguration;
			buildSettings = {
				ALWAYS_SEARCH_USER_PATHS = NO;
				CLANG_ANALYZER_NONNULL = YES;
				CLANG_ANALYZER_NUMBER_OBJECT_CONVERSION = YES_AGGRESSIVE;
				CLANG_CXX_LANGUAGE_STANDARD = "gnu++17";
				CLANG_CXX_LIBRARY = "libc++";
				CLANG_ENABLE_MODULES = YES;
				CLANG_ENABLE_OBJC_ARC = YES;
				CLANG_ENABLE_OBJC_WEAK = YES;
				CLANG_WARN_BLOCK_CAPTURE_AUTORELEASING = YES;
				CLANG_WARN_BOOL_CONVERSION = YES;
				CLANG_WARN_COMMA = YES;
				CLANG_WARN_CONSTANT_CONVERSION = YES;
				CLANG_WARN_DEPRECATED_OBJC_IMPLEMENTATIONS = YES;
				CLANG_WARN_DIRECT_OBJC_ISA_USAGE = YES_ERROR;
				CLANG_WARN_DOCUMENTATION_COMMENTS = YES;
				CLANG_WARN_EMPTY_BODY = YES;
				CLANG_WARN_ENUM_CONVERSION = YES;
				CLANG_WARN_INFINITE_RECURSION = YES;
				CLANG_WARN_INT_CONVERSION = YES;
				CLANG_WARN_NON_LITERAL_NULL_CONVERSION = YES;
				CLANG_WARN_OBJC_IMPLICIT_RETAIN_SELF = YES;
				CLANG_WARN_OBJC_LITERAL_CONVERSION = YES;
				CLANG_WARN_OBJC_ROOT_CLASS = YES_ERROR;
				CLANG_WARN_QUOTED_INCLUDE_IN_FRAMEWORK_HEADER = YES;
				CLANG_WARN_RANGE_LOOP_ANALYSIS = YES;
				CLANG_WARN_STRICT_PROTOTYPES = YES;
				CLANG_WARN_SUSPICIOUS_MOVE = YES;
				CLANG_WARN_UNGUARDED_AVAILABILITY = YES_AGGRESSIVE;
				CLANG_WARN_UNREACHABLE_CODE = YES;
				CLANG_WARN__DUPLICATE_METHOD_MATCH = YES;
				COPY_PHASE_STRIP = NO;
				DEBUG_INFORMATION_FORMAT = dwarf;
				ENABLE_STRICT_OBJC_MSGSEND = YES;
				ENABLE_TESTABILITY = YES;
				GCC_C_LANGUAGE_STANDARD = gnu11;
				GCC_DYNAMIC_NO_PIC = NO;
				GCC_NO_COMMON_BLOCKS = YES;
				GCC_OPTIMIZATION_LEVEL = 0;
				GCC_PREPROCESSOR_DEFINITIONS = (
					"DEBUG=1",
					"$(inherited)",
				);
				GCC_WARN_64_TO_32_BIT_CONVERSION = YES;
				GCC_WARN_ABOUT_RETURN_TYPE = YES_ERROR;
				GCC_WARN_UNDECLARED_SELECTOR = YES;
				GCC_WARN_UNINITIALIZED_AUTOS = YES_AGGRESSIVE;
				GCC_WARN_UNUSED_FUNCTION = YES;
				GCC_WARN_UNUSED_VARIABLE = YES;
				MTL_ENABLE_DEBUG_INFO = INCLUDE_SOURCE;
				MTL_FAST_MATH = YES;
				ONLY_ACTIVE_ARCH = YES;
				SWIFT_ACTIVE_COMPILATION_CONDITIONS = DEBUG;
				SWIFT_OPTIMIZATION_LEVEL = "-Onone";
			};
			name = Debug;
		};
		54B8CCC42786135C004C181F /* Release */ = {
			isa = XCBuildConfiguration;
			buildSettings = {
				ALWAYS_SEARCH_USER_PATHS = NO;
				CLANG_ANALYZER_NONNULL = YES;
				CLANG_ANALYZER_NUMBER_OBJECT_CONVERSION = YES_AGGRESSIVE;
				CLANG_CXX_LANGUAGE_STANDARD = "gnu++17";
				CLANG_CXX_LIBRARY = "libc++";
				CLANG_ENABLE_MODULES = YES;
				CLANG_ENABLE_OBJC_ARC = YES;
				CLANG_ENABLE_OBJC_WEAK = YES;
				CLANG_WARN_BLOCK_CAPTURE_AUTORELEASING = YES;
				CLANG_WARN_BOOL_CONVERSION = YES;
				CLANG_WARN_COMMA = YES;
				CLANG_WARN_CONSTANT_CONVERSION = YES;
				CLANG_WARN_DEPRECATED_OBJC_IMPLEMENTATIONS = YES;
				CLANG_WARN_DIRECT_OBJC_ISA_USAGE = YES_ERROR;
				CLANG_WARN_DOCUMENTATION_COMMENTS = YES;
				CLANG_WARN_EMPTY_BODY = YES;
				CLANG_WARN_ENUM_CONVERSION = YES;
				CLANG_WARN_INFINITE_RECURSION = YES;
				CLANG_WARN_INT_CONVERSION = YES;
				CLANG_WARN_NON_LITERAL_NULL_CONVERSION = YES;
				CLANG_WARN_OBJC_IMPLICIT_RETAIN_SELF = YES;
				CLANG_WARN_OBJC_LITERAL_CONVERSION = YES;
				CLANG_WARN_OBJC_ROOT_CLASS = YES_ERROR;
				CLANG_WARN_QUOTED_INCLUDE_IN_FRAMEWORK_HEADER = YES;
				CLANG_WARN_RANGE_LOOP_ANALYSIS = YES;
				CLANG_WARN_STRICT_PROTOTYPES = YES;
				CLANG_WARN_SUSPICIOUS_MOVE = YES;
				CLANG_WARN_UNGUARDED_AVAILABILITY = YES_AGGRESSIVE;
				CLANG_WARN_UNREACHABLE_CODE = YES;
				CLANG_WARN__DUPLICATE_METHOD_MATCH = YES;
				COPY_PHASE_STRIP = NO;
				DEBUG_INFORMATION_FORMAT = "dwarf-with-dsym";
				ENABLE_NS_ASSERTIONS = NO;
				ENABLE_STRICT_OBJC_MSGSEND = YES;
				GCC_C_LANGUAGE_STANDARD = gnu11;
				GCC_NO_COMMON_BLOCKS = YES;
				GCC_WARN_64_TO_32_BIT_CONVERSION = YES;
				GCC_WARN_ABOUT_RETURN_TYPE = YES_ERROR;
				GCC_WARN_UNDECLARED_SELECTOR = YES;
				GCC_WARN_UNINITIALIZED_AUTOS = YES_AGGRESSIVE;
				GCC_WARN_UNUSED_FUNCTION = YES;
				GCC_WARN_UNUSED_VARIABLE = YES;
				MTL_ENABLE_DEBUG_INFO = NO;
				MTL_FAST_MATH = YES;
				SWIFT_COMPILATION_MODE = wholemodule;
				SWIFT_OPTIMIZATION_LEVEL = "-O";
			};
			name = Release;
		};
		54B8CCC62786135C004C181F /* Debug */ = {
			isa = XCBuildConfiguration;
			baseConfigurationReference = 33F9DD9F2F868DB41CFCCA05 /* Pods-SwiftUIMetal (iOS).debug.xcconfig */;
			buildSettings = {
				ASSETCATALOG_COMPILER_APPICON_NAME = AppIcon;
				ASSETCATALOG_COMPILER_GLOBAL_ACCENT_COLOR_NAME = AccentColor;
				CODE_SIGN_STYLE = Automatic;
				CURRENT_PROJECT_VERSION = 1;
				DEVELOPMENT_TEAM = HPV9E52JPX;
				ENABLE_PREVIEWS = YES;
				GENERATE_INFOPLIST_FILE = YES;
				INFOPLIST_KEY_UIApplicationSceneManifest_Generation = YES;
				INFOPLIST_KEY_UIApplicationSupportsIndirectInputEvents = YES;
				INFOPLIST_KEY_UILaunchScreen_Generation = YES;
				INFOPLIST_KEY_UISupportedInterfaceOrientations_iPad = "UIInterfaceOrientationPortrait UIInterfaceOrientationPortraitUpsideDown UIInterfaceOrientationLandscapeLeft UIInterfaceOrientationLandscapeRight";
				INFOPLIST_KEY_UISupportedInterfaceOrientations_iPhone = "UIInterfaceOrientationPortrait UIInterfaceOrientationLandscapeLeft UIInterfaceOrientationLandscapeRight";
				IPHONEOS_DEPLOYMENT_TARGET = 15.2;
				LD_RUNPATH_SEARCH_PATHS = (
					"$(inherited)",
					"@executable_path/Frameworks",
				);
				MARKETING_VERSION = 1.0;
				PRODUCT_BUNDLE_IDENTIFIER = com.weakteam.SwiftUIMetal;
				PRODUCT_NAME = SwiftUIMetal;
				SDKROOT = iphoneos;
				SWIFT_EMIT_LOC_STRINGS = YES;
				SWIFT_VERSION = 5.0;
				TARGETED_DEVICE_FAMILY = "1,2";
			};
			name = Debug;
		};
		54B8CCC72786135C004C181F /* Release */ = {
			isa = XCBuildConfiguration;
			baseConfigurationReference = 87916C509E7367251000DEEB /* Pods-SwiftUIMetal (iOS).release.xcconfig */;
			buildSettings = {
				ASSETCATALOG_COMPILER_APPICON_NAME = AppIcon;
				ASSETCATALOG_COMPILER_GLOBAL_ACCENT_COLOR_NAME = AccentColor;
				CODE_SIGN_STYLE = Automatic;
				CURRENT_PROJECT_VERSION = 1;
				DEVELOPMENT_TEAM = HPV9E52JPX;
				ENABLE_PREVIEWS = YES;
				GENERATE_INFOPLIST_FILE = YES;
				INFOPLIST_KEY_UIApplicationSceneManifest_Generation = YES;
				INFOPLIST_KEY_UIApplicationSupportsIndirectInputEvents = YES;
				INFOPLIST_KEY_UILaunchScreen_Generation = YES;
				INFOPLIST_KEY_UISupportedInterfaceOrientations_iPad = "UIInterfaceOrientationPortrait UIInterfaceOrientationPortraitUpsideDown UIInterfaceOrientationLandscapeLeft UIInterfaceOrientationLandscapeRight";
				INFOPLIST_KEY_UISupportedInterfaceOrientations_iPhone = "UIInterfaceOrientationPortrait UIInterfaceOrientationLandscapeLeft UIInterfaceOrientationLandscapeRight";
				IPHONEOS_DEPLOYMENT_TARGET = 15.2;
				LD_RUNPATH_SEARCH_PATHS = (
					"$(inherited)",
					"@executable_path/Frameworks",
				);
				MARKETING_VERSION = 1.0;
				PRODUCT_BUNDLE_IDENTIFIER = com.weakteam.SwiftUIMetal;
				PRODUCT_NAME = SwiftUIMetal;
				SDKROOT = iphoneos;
				SWIFT_EMIT_LOC_STRINGS = YES;
				SWIFT_VERSION = 5.0;
				TARGETED_DEVICE_FAMILY = "1,2";
				VALIDATE_PRODUCT = YES;
			};
			name = Release;
		};
		54B8CCC92786135C004C181F /* Debug */ = {
			isa = XCBuildConfiguration;
			baseConfigurationReference = 4F9BDA0773384E6E5AD55D21 /* Pods-SwiftUIMetal (macOS).debug.xcconfig */;
			buildSettings = {
				ASSETCATALOG_COMPILER_APPICON_NAME = AppIcon;
				ASSETCATALOG_COMPILER_GLOBAL_ACCENT_COLOR_NAME = AccentColor;
				CODE_SIGN_ENTITLEMENTS = macOS/macOS.entitlements;
				CODE_SIGN_STYLE = Automatic;
				COMBINE_HIDPI_IMAGES = YES;
				CURRENT_PROJECT_VERSION = 1;
				DEVELOPMENT_TEAM = HPV9E52JPX;
				ENABLE_HARDENED_RUNTIME = YES;
				ENABLE_PREVIEWS = YES;
				GENERATE_INFOPLIST_FILE = YES;
				INFOPLIST_KEY_NSHumanReadableCopyright = "";
				LD_RUNPATH_SEARCH_PATHS = (
					"$(inherited)",
					"@executable_path/../Frameworks",
				);
				MACOSX_DEPLOYMENT_TARGET = 12.1;
				MARKETING_VERSION = 1.0;
				PRODUCT_BUNDLE_IDENTIFIER = com.weakteam.SwiftUIMetal;
				PRODUCT_NAME = SwiftUIMetal;
				SDKROOT = macosx;
				SWIFT_EMIT_LOC_STRINGS = YES;
				SWIFT_VERSION = 5.0;
			};
			name = Debug;
		};
		54B8CCCA2786135C004C181F /* Release */ = {
			isa = XCBuildConfiguration;
			baseConfigurationReference = AF530C4418907E6057828CE2 /* Pods-SwiftUIMetal (macOS).release.xcconfig */;
			buildSettings = {
				ASSETCATALOG_COMPILER_APPICON_NAME = AppIcon;
				ASSETCATALOG_COMPILER_GLOBAL_ACCENT_COLOR_NAME = AccentColor;
				CODE_SIGN_ENTITLEMENTS = macOS/macOS.entitlements;
				CODE_SIGN_STYLE = Automatic;
				COMBINE_HIDPI_IMAGES = YES;
				CURRENT_PROJECT_VERSION = 1;
				DEVELOPMENT_TEAM = HPV9E52JPX;
				ENABLE_HARDENED_RUNTIME = YES;
				ENABLE_PREVIEWS = YES;
				GENERATE_INFOPLIST_FILE = YES;
				INFOPLIST_KEY_NSHumanReadableCopyright = "";
				LD_RUNPATH_SEARCH_PATHS = (
					"$(inherited)",
					"@executable_path/../Frameworks",
				);
				MACOSX_DEPLOYMENT_TARGET = 12.1;
				MARKETING_VERSION = 1.0;
				PRODUCT_BUNDLE_IDENTIFIER = com.weakteam.SwiftUIMetal;
				PRODUCT_NAME = SwiftUIMetal;
				SDKROOT = macosx;
				SWIFT_EMIT_LOC_STRINGS = YES;
				SWIFT_VERSION = 5.0;
			};
			name = Release;
		};
/* End XCBuildConfiguration section */

/* Begin XCConfigurationList section */
		54B8CCAB2786135B004C181F /* Build configuration list for PBXProject "SwiftUIMetal" */ = {
			isa = XCConfigurationList;
			buildConfigurations = (
				54B8CCC32786135C004C181F /* Debug */,
				54B8CCC42786135C004C181F /* Release */,
			);
			defaultConfigurationIsVisible = 0;
			defaultConfigurationName = Release;
		};
		54B8CCC52786135C004C181F /* Build configuration list for PBXNativeTarget "SwiftUIMetal (iOS)" */ = {
			isa = XCConfigurationList;
			buildConfigurations = (
				54B8CCC62786135C004C181F /* Debug */,
				54B8CCC72786135C004C181F /* Release */,
			);
			defaultConfigurationIsVisible = 0;
			defaultConfigurationName = Release;
		};
		54B8CCC82786135C004C181F /* Build configuration list for PBXNativeTarget "SwiftUIMetal (macOS)" */ = {
			isa = XCConfigurationList;
			buildConfigurations = (
				54B8CCC92786135C004C181F /* Debug */,
				54B8CCCA2786135C004C181F /* Release */,
			);
			defaultConfigurationIsVisible = 0;
			defaultConfigurationName = Release;
		};
/* End XCConfigurationList section */
	};
	rootObject = 54B8CCA82786135B004C181F /* Project object */;
}
